gopkg.in/yaml.v3 v3.0.1 h1:fxVm/GzAzEWqLHuvctI91KS9hhNmmWOoWu0XTYJS7CA=
gopkg.in/yaml.v3 v3.0.1/go.mod h1:K4uyk7z7BCEPqu6E+C64Yfv1cQ7kz7rIZviUmN+EgEM=
trpc.group/trpc-go/trpc-agent-go v1.11.2 h1:qBgrX48JXvgf+k6cq1BSWR4oPfFXxp8/boYydAs4PNM=
trpc.group/trpc-go/trpc-agent-go v1.11.2/go.mod h1:bIZcN4N9sGpA42sWfE98XCPl9ZgMi6fMDLGYOaXNe9A=
